# This file is generated by running "yarn install" inside your project.
# Manual changes might be lost - proceed with caution!

__metadata:
  version: 6
  cacheKey: 8

"@wstest/lib1@ssh://git@github.com:jeffrson/lib1.git":
  version: 0.1.0
  resolution: "@wstest/lib1@ssh://git@github.com:jeffrson/lib1.git#commit=63603e490e4f62e0784e90055383c02857da3817"
  checksum: e1f7121831604ce40f84ebc2cff272659c954881eecb5d636b8c894800e7af14d5f681721a7148ccdf937f755d5e56a004a7a6646619a055dcfe4c6817e08a7b
  languageName: node
  linkType: hard

"@wstest/lib1@workspace:lib/lib1":
  version: 0.0.0-use.local
  resolution: "@wstest/lib1@workspace:lib/lib1"
  languageName: unknown
  linkType: soft

"@wstest/proj1@workspace:proj/proj1":
  version: 0.0.0-use.local
  resolution: "@wstest/proj1@workspace:proj/proj1"
  dependencies:
    "@wstest/lib1": "ssh://git@github.com:jeffrson/lib1.git"
  languageName: unknown
  linkType: soft

"@wstest/workspace@workspace:.":
  version: 0.0.0-use.local
  resolution: "@wstest/workspace@workspace:."
  languageName: unknown
  linkType: soft
